
Microsoft Visual Studio Solution File, Format Version 12.00
# Visual Studio Version 16
VisualStudioVersion = 16.0.31410.357
MinimumVisualStudioVersion = 10.0.40219.1
Project("{FAE04EC0-301F-11D3-BF4B-00C04F79EFBC}") = "TerapicFisicHelper.Selenium", "TerapicFisicHelper.Selenium.csproj", "{888667E7-3D51-48EC-8481-92862E8635F7}"
EndProject
Global
	GlobalSection(SolutionConfigurationPlatforms) = preSolution
		Debug|Any CPU = Debug|Any CPU
		Release|Any CPU = Release|Any CPU
	EndGlobalSection
	GlobalSection(ProjectConfigurationPlatforms) = postSolution
		{888667E7-3D51-48EC-8481-92862E8635F7}.Debug|Any CPU.ActiveCfg = Debug|Any CPU
		{888667E7-3D51-48EC-8481-92862E8635F7}.Debug|Any CPU.Build.0 = Debug|Any CPU
		{888667E7-3D51-48EC-8481-92862E8635F7}.Release|Any CPU.ActiveCfg = Release|Any CPU
		{888667E7-3D51-48EC-8481-92862E8635F7}.Release|Any CPU.Build.0 = Release|Any CPU
	EndGlobalSection
	GlobalSection(SolutionProperties) = preSolution
		HideSolutionNode = FALSE
	EndGlobalSection
	GlobalSection(ExtensibilityGlobals) = postSolution
		SolutionGuid = {DF572F2B-7125-4F6F-A648-491F120199F8}
	EndGlobalSection
EndGlobal
